
Microsoft Visual Studio Solution File, Format Version 12.00
# Visual Studio Version 17
VisualStudioVersion = 17.7.34202.233
MinimumVisualStudioVersion = 10.0.40219.1
Project("{FAE04EC0-301F-11D3-BF4B-00C04F79EFBC}") = "ChessGame", "ChessGame\ChessGame.csproj", "{483B3F0D-2A37-4AEB-A17E-F2857F7FF358}"
EndProject
Global
	GlobalSection(SolutionConfigurationPlatforms) = preSolution
		Debug|Any CPU = Debug|Any CPU
		Release|Any CPU = Release|Any CPU
	EndGlobalSection
	GlobalSection(ProjectConfigurationPlatforms) = postSolution
		{483B3F0D-2A37-4AEB-A17E-F2857F7FF358}.Debug|Any CPU.ActiveCfg = Debug|Any CPU
		{483B3F0D-2A37-4AEB-A17E-F2857F7FF358}.Debug|Any CPU.Build.0 = Debug|Any CPU
		{483B3F0D-2A37-4AEB-A17E-F2857F7FF358}.Release|Any CPU.ActiveCfg = Release|Any CPU
		{483B3F0D-2A37-4AEB-A17E-F2857F7FF358}.Release|Any CPU.Build.0 = Release|Any CPU
	EndGlobalSection
	GlobalSection(SolutionProperties) = preSolution
		HideSolutionNode = FALSE
	EndGlobalSection
	GlobalSection(ExtensibilityGlobals) = postSolution
		SolutionGuid = {C97E57DF-C16E-464F-B025-92B139DDEAEF}
	EndGlobalSection
EndGlobal
